
Microsoft Visual Studio Solution File, Format Version 12.00
# Visual Studio Version 17
VisualStudioVersion = 17.4.33403.182
MinimumVisualStudioVersion = 10.0.40219.1
Project("{FAE04EC0-301F-11D3-BF4B-00C04F79EFBC}") = "Demo.PL", "Demo.PL\Demo.PL.csproj", "{247ECCB4-8690-4EBF-9195-391EF11FDE23}"
EndProject
Project("{FAE04EC0-301F-11D3-BF4B-00C04F79EFBC}") = "Demo.DAL", "Demo.DAL\Demo.DAL.csproj", "{B4D8E98F-5CE6-4073-9E96-261052DB8C50}"
EndProject
Project("{FAE04EC0-301F-11D3-BF4B-00C04F79EFBC}") = "Demo.BLL", "Demo.BLL\Demo.BLL.csproj", "{E250AEC8-82DE-4A34-8727-886A514609A5}"
EndProject
Global
	GlobalSection(SolutionConfigurationPlatforms) = preSolution
		Debug|Any CPU = Debug|Any CPU
		Release|Any CPU = Release|Any CPU
	EndGlobalSection
	GlobalSection(ProjectConfigurationPlatforms) = postSolution
		{247ECCB4-8690-4EBF-9195-391EF11FDE23}.Debug|Any CPU.ActiveCfg = Debug|Any CPU
		{247ECCB4-8690-4EBF-9195-391EF11FDE23}.Debug|Any CPU.Build.0 = Debug|Any CPU
		{247ECCB4-8690-4EBF-9195-391EF11FDE23}.Release|Any CPU.ActiveCfg = Release|Any CPU
		{247ECCB4-8690-4EBF-9195-391EF11FDE23}.Release|Any CPU.Build.0 = Release|Any CPU
		{B4D8E98F-5CE6-4073-9E96-261052DB8C50}.Debug|Any CPU.ActiveCfg = Debug|Any CPU
		{B4D8E98F-5CE6-4073-9E96-261052DB8C50}.Debug|Any CPU.Build.0 = Debug|Any CPU
		{B4D8E98F-5CE6-4073-9E96-261052DB8C50}.Release|Any CPU.ActiveCfg = Release|Any CPU
		{B4D8E98F-5CE6-4073-9E96-261052DB8C50}.Release|Any CPU.Build.0 = Release|Any CPU
		{E250AEC8-82DE-4A34-8727-886A514609A5}.Debug|Any CPU.ActiveCfg = Debug|Any CPU
		{E250AEC8-82DE-4A34-8727-886A514609A5}.Debug|Any CPU.Build.0 = Debug|Any CPU
		{E250AEC8-82DE-4A34-8727-886A514609A5}.Release|Any CPU.ActiveCfg = Release|Any CPU
		{E250AEC8-82DE-4A34-8727-886A514609A5}.Release|Any CPU.Build.0 = Release|Any CPU
	EndGlobalSection
	GlobalSection(SolutionProperties) = preSolution
		HideSolutionNode = FALSE
	EndGlobalSection
	GlobalSection(ExtensibilityGlobals) = postSolution
		SolutionGuid = {A6AE780F-91E1-439B-9CFF-18F36FD930DE}
	EndGlobalSection
EndGlobal
